
Microsoft Visual Studio Solution File, Format Version 12.00
# Visual Studio Version 16
VisualStudioVersion = 16.0.29519.181
MinimumVisualStudioVersion = 10.0.40219.1
Project("{FAE04EC0-301F-11D3-BF4B-00C04F79EFBC}") = "FormExample", "FormExample\FormExample.csproj", "{66E45129-A182-4C88-81CC-64CE9B00E7EB}"
EndProject
Global
	GlobalSection(SolutionConfigurationPlatforms) = preSolution
		Debug|Any CPU = Debug|Any CPU
		Release|Any CPU = Release|Any CPU
	EndGlobalSection
	GlobalSection(ProjectConfigurationPlatforms) = postSolution
		{66E45129-A182-4C88-81CC-64CE9B00E7EB}.Debug|Any CPU.ActiveCfg = Debug|Any CPU
		{66E45129-A182-4C88-81CC-64CE9B00E7EB}.Debug|Any CPU.Build.0 = Debug|Any CPU
		{66E45129-A182-4C88-81CC-64CE9B00E7EB}.Release|Any CPU.ActiveCfg = Release|Any CPU
		{66E45129-A182-4C88-81CC-64CE9B00E7EB}.Release|Any CPU.Build.0 = Release|Any CPU
	EndGlobalSection
	GlobalSection(SolutionProperties) = preSolution
		HideSolutionNode = FALSE
	EndGlobalSection
	GlobalSection(ExtensibilityGlobals) = postSolution
		SolutionGuid = {BD3F3D57-8590-4DCD-994C-775675BB92CF}
	EndGlobalSection
EndGlobal
